{
  "name": "web-audio-api",
  "version": "1.4.0",
  "lockfileVersion": 3,
  "requires": true,
  "packages": {
    "": {
      "name": "web-audio-api",
      "version": "1.4.0",
      "license": "MIT",
      "dependencies": {
        "audio-buffer": "^7.3.0",
        "audio-decode": "^3.1.2",
        "audio-effect": "^1.0.0",
        "audio-speaker": "^2.0.5",
        "automation-events": "^7.1.19",
        "digital-filter": "^2.3.0",
        "fourier-transform": "^2.2.0",
        "pcm-convert": "^3.1.1",
        "periodic-function": "^2.1.0"
      },
      "devDependencies": {
        "linkedom": "^0.18.12",
        "node-web-audio-api": "^1.0.8",
        "tone": "^15.1.22",
        "tst": "^9.4.0"
      },
      "engines": {
        "node": ">=18"
      },
      "peerDependencies": {
        "audio-mic": "*"
      },
      "peerDependenciesMeta": {
        "audio-mic": {
          "optional": true
        }
      }
    },
    "node_modules/@audio/aac-decode": {
      "version": "1.0.2",
      "license": "GPL-2.0",
      "engines": {
        "node": ">=16"
      }
    },
    "node_modules/@audio/aiff-decode": {
      "version": "1.0.0",
      "license": "MIT",
      "engines": {
        "node": ">=16"
      }
    },
    "node_modules/@audio/amr-decode": {
      "version": "1.0.0",
      "license": "Apache-2.0",
      "engines": {
        "node": ">=16"
      }
    },
    "node_modules/@audio/caf-decode": {
      "version": "1.0.0",
      "license": "MIT",
      "engines": {
        "node": ">=16"
      }
    },
    "node_modules/@audio/speaker-darwin-x64": {
      "version": "2.0.4",
      "resolved": "https://registry.npmjs.org/@audio/speaker-darwin-x64/-/speaker-darwin-x64-2.0.4.tgz",
      "integrity": "sha512-AvZEAy5DhLhGRdwCn/aaqDkONWmNXt4GOsetxzml8lmD518+d9VwHRKKUgWFPJ8o2g0kKGr7MC+XnUMN97RvOg==",
      "cpu": [
        "x64"
      ],
      "license": "MIT",
      "optional": true,
      "os": [
        "darwin"
      ]
    },
    "node_modules/@audio/speaker-linux-arm64": {
      "version": "2.0.4",
      "resolved": "https://registry.npmjs.org/@audio/speaker-linux-arm64/-/speaker-linux-arm64-2.0.4.tgz",
      "integrity": "sha512-aCCOBGwcg3Wg9mCi5docXHBzf6b0C/jT1mh4P+7ZQAMnepmEezKiAisdPksflW4mCO95tDEcjgIi5bG/7MtT8g==",
      "cpu": [
        "arm64"
      ],
      "license": "MIT",
      "optional": true,
      "os": [
        "linux"
      ]
    },
    "node_modules/@audio/speaker-linux-x64": {
      "version": "2.0.4",
      "resolved": "https://registry.npmjs.org/@audio/speaker-linux-x64/-/speaker-linux-x64-2.0.4.tgz",
      "integrity": "sha512-yi1M0Y5RLKhY/Gw2MGVcgPCaa/C2hJ4/Kd4O4tv8klB78yD5XW4m4FpWvEq32o18SUlC075J3JKrKrMOS1a5NA==",
      "cpu": [
        "x64"
      ],
      "license": "MIT",
      "optional": true,
      "os": [
        "linux"
      ]
    },
    "node_modules/@audio/speaker-win32-x64": {
      "version": "2.0.4",
      "resolved": "https://registry.npmjs.org/@audio/speaker-win32-x64/-/speaker-win32-x64-2.0.4.tgz",
      "integrity": "sha512-2q8qsXhIx5vrv9h9G4H1HC114T+FL5WG8Y3BOeyAeTXHyh4ci3vR4JMGuplrwo6DnhywY0fb93uEp97TnlM3pA==",
      "cpu": [
        "x64"
      ],
      "license": "MIT",
      "optional": true,
      "os": [
        "win32"
      ]
    },
    "node_modules/@audio/webm-decode": {
      "version": "1.0.0",
      "license": "MIT",
      "dependencies": {
        "@wasm-audio-decoders/ogg-vorbis": "^0.1.20",
        "opus-decoder": "^0.7.6"
      },
      "engines": {
        "node": ">=16"
      }
    },
    "node_modules/@audio/wma-decode": {
      "version": "1.0.0",
      "license": "GPL-2.0-or-later",
      "engines": {
        "node": ">=16"
      }
    },
    "node_modules/@babel/runtime": {
      "version": "7.29.2",
      "resolved": "https://registry.npmjs.org/@babel/runtime/-/runtime-7.29.2.tgz",
      "integrity": "sha512-JiDShH45zKHWyGe4ZNVRrCjBz8Nh9TMmZG1kh4QTK8hCBTWBi8Da+i7s1fJw7/lYpM4ccepSNfqzZ/QvABBi5g==",
      "license": "MIT",
      "engines": {
        "node": ">=6.9.0"
      }
    },
    "node_modules/@eshaz/web-worker": {
      "version": "1.2.2",
      "license": "Apache-2.0"
    },
    "node_modules/@thi.ng/bitstream": {
      "version": "2.4.43",
      "funding": [
        {
          "type": "github",
          "url": "https://github.com/sponsors/postspectacular"
        },
        {
          "type": "patreon",
          "url": "https://patreon.com/thing_umbrella"
        },
        {
          "type": "liberapay",
          "url": "https://liberapay.com/thi.ng"
        }
      ],
      "license": "Apache-2.0",
      "dependencies": {
        "@thi.ng/errors": "^2.6.5"
      },
      "engines": {
        "node": ">=18"
      }
    },
    "node_modules/@thi.ng/errors": {
      "version": "2.6.5",
      "funding": [
        {
          "type": "github",
          "url": "https://github.com/sponsors/postspectacular"
        },
        {
          "type": "patreon",
          "url": "https://patreon.com/thing_umbrella"
        },
        {
          "type": "liberapay",
          "url": "https://liberapay.com/thi.ng"
        }
      ],
      "license": "Apache-2.0",
      "engines": {
        "node": ">=18"
      }
    },
    "node_modules/@wasm-audio-decoders/common": {
      "version": "9.0.7",
      "license": "MIT",
      "dependencies": {
        "@eshaz/web-worker": "1.2.2",
        "simple-yenc": "^1.0.4"
      }
    },
    "node_modules/@wasm-audio-decoders/flac": {
      "version": "0.2.10",
      "license": "MIT",
      "dependencies": {
        "@wasm-audio-decoders/common": "9.0.7",
        "codec-parser": "2.5.0"
      },
      "funding": {
        "type": "individual",
        "url": "https://github.com/sponsors/eshaz"
      }
    },
    "node_modules/@wasm-audio-decoders/ogg-vorbis": {
      "version": "0.1.20",
      "license": "MIT",
      "dependencies": {
        "@wasm-audio-decoders/common": "9.0.7",
        "codec-parser": "2.5.0"
      },
      "funding": {
        "type": "individual",
        "url": "https://github.com/sponsors/eshaz"
      }
    },
    "node_modules/@wasm-audio-decoders/opus-ml": {
      "version": "0.0.2",
      "license": "MIT",
      "dependencies": {
        "@wasm-audio-decoders/common": "9.0.7"
      },
      "funding": {
        "type": "individual",
        "url": "https://github.com/sponsors/eshaz"
      }
    },
    "node_modules/audio-buffer": {
      "version": "7.3.0",
      "license": "MIT"
    },
    "node_modules/audio-decode": {
      "version": "3.3.0",
      "license": "MIT",
      "workspaces": [
        "packages/*"
      ],
      "dependencies": {
        "@audio/aac-decode": "^1.0.2",
        "@audio/aiff-decode": "^1.0.0",
        "@audio/amr-decode": "^1.0.0",
        "@audio/caf-decode": "^1.0.0",
        "@audio/webm-decode": "^1.0.0",
        "@audio/wma-decode": "^1.0.0",
        "@wasm-audio-decoders/flac": "^0.2.10",
        "@wasm-audio-decoders/ogg-vorbis": "^0.1.20",
        "audio-type": "^2.4.0",
        "mpg123-decoder": "^1.0.3",
        "node-wav": "^0.0.2",
        "ogg-opus-decoder": "^1.7.3",
        "qoa-format": "^1.0.1"
      }
    },
    "node_modules/audio-effect": {
      "version": "1.0.0",
      "resolved": "https://registry.npmjs.org/audio-effect/-/audio-effect-1.0.0.tgz",
      "integrity": "sha512-b4moGseQ5N+i4rP810r5YuH/3DnEIRMgnIE0hfO7UesGkHbSIOnY289CpubCMhe/P3VJ1BgJ4Xzbp5JinR9Hdw==",
      "license": "ISC"
    },
    "node_modules/audio-speaker": {
      "version": "2.0.5",
      "hasInstallScript": true,
      "license": "MIT",
      "engines": {
        "node": ">=18"
      },
      "optionalDependencies": {
        "@audio/speaker-darwin-x64": ">=2.0.0",
        "@audio/speaker-linux-arm64": ">=2.0.0",
        "@audio/speaker-linux-x64": ">=2.0.0",
        "@audio/speaker-win32-x64": ">=2.0.0"
      }
    },
    "node_modules/audio-type": {
      "version": "2.4.0",
      "license": "MIT",
      "engines": {
        "node": ">=14"
      }
    },
    "node_modules/automation-events": {
      "version": "7.1.19",
      "resolved": "https://registry.npmjs.org/automation-events/-/automation-events-7.1.19.tgz",
      "integrity": "sha512-cD+TLhJTI0q4AI3ktd353lrGZiVa9AchowSDzQzzGjSoYe22js4vlS32VUtWuaulghi1Yq0KYNWKk9wWuGymPA==",
      "license": "MIT",
      "dependencies": {
        "@babel/runtime": "^7.29.2",
        "tslib": "^2.8.1"
      },
      "engines": {
        "node": ">=18.2.0"
      }
    },
    "node_modules/boolbase": {
      "version": "1.0.0",
      "dev": true,
      "license": "ISC"
    },
    "node_modules/caller": {
      "version": "1.1.0",
      "dev": true,
      "license": "MIT"
    },
    "node_modules/codec-parser": {
      "version": "2.5.0",
      "license": "LGPL-3.0-or-later"
    },
    "node_modules/css-select": {
      "version": "5.2.2",
      "dev": true,
      "license": "BSD-2-Clause",
      "dependencies": {
        "boolbase": "^1.0.0",
        "css-what": "^6.1.0",
        "domhandler": "^5.0.2",
        "domutils": "^3.0.1",
        "nth-check": "^2.0.1"
      },
      "funding": {
        "url": "https://github.com/sponsors/fb55"
      }
    },
    "node_modules/css-what": {
      "version": "6.2.2",
      "dev": true,
      "license": "BSD-2-Clause",
      "engines": {
        "node": ">= 6"
      },
      "funding": {
        "url": "https://github.com/sponsors/fb55"
      }
    },
    "node_modules/cssom": {
      "version": "0.5.0",
      "dev": true,
      "license": "MIT"
    },
    "node_modules/data-uri-to-buffer": {
      "version": "4.0.1",
      "dev": true,
      "license": "MIT",
      "engines": {
        "node": ">= 12"
      }
    },
    "node_modules/digital-filter": {
      "version": "2.3.0",
      "license": "MIT",
      "engines": {
        "node": ">=18"
      }
    },
    "node_modules/dom-serializer": {
      "version": "2.0.0",
      "dev": true,
      "license": "MIT",
      "dependencies": {
        "domelementtype": "^2.3.0",
        "domhandler": "^5.0.2",
        "entities": "^4.2.0"
      },
      "funding": {
        "url": "https://github.com/cheeriojs/dom-serializer?sponsor=1"
      }
    },
    "node_modules/dom-serializer/node_modules/entities": {
      "version": "4.5.0",
      "dev": true,
      "license": "BSD-2-Clause",
      "engines": {
        "node": ">=0.12"
      },
      "funding": {
        "url": "https://github.com/fb55/entities?sponsor=1"
      }
    },
    "node_modules/domelementtype": {
      "version": "2.3.0",
      "dev": true,
      "funding": [
        {
          "type": "github",
          "url": "https://github.com/sponsors/fb55"
        }
      ],
      "license": "BSD-2-Clause"
    },
    "node_modules/domhandler": {
      "version": "5.0.3",
      "dev": true,
      "license": "BSD-2-Clause",
      "dependencies": {
        "domelementtype": "^2.3.0"
      },
      "engines": {
        "node": ">= 4"
      },
      "funding": {
        "url": "https://github.com/fb55/domhandler?sponsor=1"
      }
    },
    "node_modules/domutils": {
      "version": "3.2.2",
      "dev": true,
      "license": "BSD-2-Clause",
      "dependencies": {
        "dom-serializer": "^2.0.0",
        "domelementtype": "^2.3.0",
        "domhandler": "^5.0.3"
      },
      "funding": {
        "url": "https://github.com/fb55/domutils?sponsor=1"
      }
    },
    "node_modules/entities": {
      "version": "7.0.1",
      "dev": true,
      "license": "BSD-2-Clause",
      "engines": {
        "node": ">=0.12"
      },
      "funding": {
        "url": "https://github.com/fb55/entities?sponsor=1"
      }
    },
    "node_modules/fetch-blob": {
      "version": "3.2.0",
      "dev": true,
      "funding": [
        {
          "type": "github",
          "url": "https://github.com/sponsors/jimmywarting"
        },
        {
          "type": "paypal",
          "url": "https://paypal.me/jimmywarting"
        }
      ],
      "license": "MIT",
      "dependencies": {
        "node-domexception": "^1.0.0",
        "web-streams-polyfill": "^3.0.3"
      },
      "engines": {
        "node": "^12.20 || >= 14.13"
      }
    },
    "node_modules/formdata-polyfill": {
      "version": "4.0.10",
      "dev": true,
      "license": "MIT",
      "dependencies": {
        "fetch-blob": "^3.1.2"
      },
      "engines": {
        "node": ">=12.20.0"
      }
    },
    "node_modules/fourier-transform": {
      "version": "2.2.0",
      "license": "MIT"
    },
    "node_modules/html-escaper": {
      "version": "3.0.3",
      "dev": true,
      "license": "MIT"
    },
    "node_modules/htmlparser2": {
      "version": "10.1.0",
      "dev": true,
      "funding": [
        "https://github.com/fb55/htmlparser2?sponsor=1",
        {
          "type": "github",
          "url": "https://github.com/sponsors/fb55"
        }
      ],
      "license": "MIT",
      "dependencies": {
        "domelementtype": "^2.3.0",
        "domhandler": "^5.0.3",
        "domutils": "^3.2.2",
        "entities": "^7.0.1"
      }
    },
    "node_modules/linkedom": {
      "version": "0.18.12",
      "dev": true,
      "license": "ISC",
      "dependencies": {
        "css-select": "^5.1.0",
        "cssom": "^0.5.0",
        "html-escaper": "^3.0.3",
        "htmlparser2": "^10.0.0",
        "uhyphen": "^0.2.0"
      },
      "engines": {
        "node": ">=16"
      },
      "peerDependencies": {
        "canvas": ">= 2"
      },
      "peerDependenciesMeta": {
        "canvas": {
          "optional": true
        }
      }
    },
    "node_modules/mpg123-decoder": {
      "version": "1.0.3",
      "license": "MIT",
      "dependencies": {
        "@wasm-audio-decoders/common": "9.0.7"
      },
      "funding": {
        "type": "individual",
        "url": "https://github.com/sponsors/eshaz"
      }
    },
    "node_modules/node-domexception": {
      "version": "1.0.0",
      "dev": true,
      "funding": [
        {
          "type": "github",
          "url": "https://github.com/sponsors/jimmywarting"
        },
        {
          "type": "github",
          "url": "https://paypal.me/jimmywarting"
        }
      ],
      "license": "MIT",
      "engines": {
        "node": ">=10.5.0"
      }
    },
    "node_modules/node-fetch": {
      "version": "3.3.2",
      "dev": true,
      "license": "MIT",
      "dependencies": {
        "data-uri-to-buffer": "^4.0.0",
        "fetch-blob": "^3.1.4",
        "formdata-polyfill": "^4.0.10"
      },
      "engines": {
        "node": "^12.20.0 || ^14.13.1 || >=16.0.0"
      },
      "funding": {
        "type": "opencollective",
        "url": "https://opencollective.com/node-fetch"
      }
    },
    "node_modules/node-wav": {
      "version": "0.0.2",
      "license": "MIT",
      "engines": {
        "node": ">=4.4.0"
      }
    },
    "node_modules/node-web-audio-api": {
      "version": "1.0.8",
      "dev": true,
      "license": "BSD-3-Clause",
      "dependencies": {
        "caller": "^1.1.0",
        "node-fetch": "^3.3.2",
        "webidl-conversions": "^7.0.0"
      },
      "engines": {
        "node": ">= 14"
      }
    },
    "node_modules/nth-check": {
      "version": "2.1.1",
      "dev": true,
      "license": "BSD-2-Clause",
      "dependencies": {
        "boolbase": "^1.0.0"
      },
      "funding": {
        "url": "https://github.com/fb55/nth-check?sponsor=1"
      }
    },
    "node_modules/ogg-opus-decoder": {
      "version": "1.7.3",
      "license": "MIT",
      "dependencies": {
        "@wasm-audio-decoders/common": "9.0.7",
        "@wasm-audio-decoders/opus-ml": "0.0.2",
        "codec-parser": "2.5.0",
        "opus-decoder": "0.7.11"
      },
      "funding": {
        "type": "individual",
        "url": "https://github.com/sponsors/eshaz"
      }
    },
    "node_modules/opus-decoder": {
      "version": "0.7.11",
      "license": "MIT",
      "dependencies": {
        "@wasm-audio-decoders/common": "9.0.7"
      },
      "funding": {
        "type": "individual",
        "url": "https://github.com/sponsors/eshaz"
      }
    },
    "node_modules/pcm-convert": {
      "version": "3.1.1",
      "license": "MIT"
    },
    "node_modules/periodic-function": {
      "version": "2.1.0",
      "license": "MIT"
    },
    "node_modules/qoa-format": {
      "version": "1.0.1",
      "license": "MIT",
      "dependencies": {
        "@thi.ng/bitstream": "^2.2.12"
      }
    },
    "node_modules/simple-yenc": {
      "version": "1.0.4",
      "license": "MIT",
      "funding": {
        "type": "individual",
        "url": "https://github.com/sponsors/eshaz"
      }
    },
    "node_modules/standardized-audio-context": {
      "version": "25.3.77",
      "resolved": "https://registry.npmjs.org/standardized-audio-context/-/standardized-audio-context-25.3.77.tgz",
      "integrity": "sha512-Ki9zNz6pKcC5Pi+QPjPyVsD9GwJIJWgryji0XL9cAJXMGyn+dPOf6Qik1AHei0+UNVcc4BOCa0hWLBzlwqsW/A==",
      "dev": true,
      "license": "MIT",
      "dependencies": {
        "@babel/runtime": "^7.25.6",
        "automation-events": "^7.0.9",
        "tslib": "^2.7.0"
      }
    },
    "node_modules/tone": {
      "version": "15.1.22",
      "resolved": "https://registry.npmjs.org/tone/-/tone-15.1.22.tgz",
      "integrity": "sha512-TCScAGD4sLsama5DjvTUXlLDXSqPealhL64nsdV1hhr6frPWve0DeSo63AKnSJwgfg55fhvxj0iPPRwPN5o0ag==",
      "dev": true,
      "license": "MIT",
      "dependencies": {
        "standardized-audio-context": "^25.3.70",
        "tslib": "^2.3.1"
      }
    },
    "node_modules/tslib": {
      "version": "2.8.1",
      "license": "0BSD"
    },
    "node_modules/tst": {
      "version": "9.4.0",
      "dev": true,
      "license": "MIT"
    },
    "node_modules/uhyphen": {
      "version": "0.2.0",
      "dev": true,
      "license": "ISC"
    },
    "node_modules/web-streams-polyfill": {
      "version": "3.3.3",
      "dev": true,
      "license": "MIT",
      "engines": {
        "node": ">= 8"
      }
    },
    "node_modules/webidl-conversions": {
      "version": "7.0.0",
      "dev": true,
      "license": "BSD-2-Clause",
      "engines": {
        "node": ">=12"
      }
    }
  }
}
