{
  "name": "web-audio-api",
  "version": "1.2.0",
  "lockfileVersion": 2,
  "requires": true,
  "packages": {
    "": {
      "name": "web-audio-api",
      "version": "1.2.0",
      "license": "MIT",
      "dependencies": {
        "audio-buffer": "^6.0.0",
        "audio-decode": "^3.1.2",
        "audio-speaker": "^2.0.5",
        "automation-events": "^7.1.15",
        "fourier-transform": "^2.2.0"
      },
      "devDependencies": {
        "linkedom": "^0.18.12",
        "node-web-audio-api": "^1.0.8",
        "tst": "^9.2.2"
      },
      "engines": {
        "node": ">=18"
      }
    },
    "node_modules/@audio/aac-decode": {
      "version": "1.0.2",
      "resolved": "https://registry.npmjs.org/@audio/aac-decode/-/aac-decode-1.0.2.tgz",
      "integrity": "sha512-uRt4BFvAv9KFKfR8HkBWOfw54CFGRJH8GCTCsYXRwG2WpELjyfovYdKuhTxCe7qxu4ideb8vOYTZgfn/mZm/4A==",
      "license": "GPL-2.0",
      "engines": {
        "node": ">=16"
      }
    },
    "node_modules/@audio/aiff-decode": {
      "version": "1.0.0",
      "resolved": "https://registry.npmjs.org/@audio/aiff-decode/-/aiff-decode-1.0.0.tgz",
      "integrity": "sha512-p3lkQIJ0qpGXpK/q7l+h6eK8zQZ5ohk4UO52w4tHGSxljXui7OEIqtmYNqDzXUVtkuDuW2yBC8zkomv8kt1IJQ==",
      "license": "MIT",
      "engines": {
        "node": ">=16"
      }
    },
    "node_modules/@audio/amr-decode": {
      "version": "1.0.0",
      "resolved": "https://registry.npmjs.org/@audio/amr-decode/-/amr-decode-1.0.0.tgz",
      "integrity": "sha512-B9T57nXhQgi7B5aVSET1Te4j9eNZVrMSL8azurD0c/FGyJwp5saLCzuC9EV3J1s/F7z5676xA7r6nsNCwAhyCQ==",
      "license": "Apache-2.0",
      "engines": {
        "node": ">=16"
      }
    },
    "node_modules/@audio/caf-decode": {
      "version": "1.0.0",
      "resolved": "https://registry.npmjs.org/@audio/caf-decode/-/caf-decode-1.0.0.tgz",
      "integrity": "sha512-CwvgCA+rm3rI5e811R5cBjl1DYB4+6BiNNUucwWrU2XSX3eiP+H2Tfn5CsBc/IE8+OXzbzkV8YoDuyX9+3UDyQ==",
      "license": "MIT",
      "engines": {
        "node": ">=16"
      }
    },
    "node_modules/@audio/speaker-darwin-x64": {
      "version": "2.0.3",
      "resolved": "https://registry.npmjs.org/@audio/speaker-darwin-x64/-/speaker-darwin-x64-2.0.3.tgz",
      "integrity": "sha512-VXufLQoLJKWQPb0CrwnCul+KswOXSBSragUZE9WyMmSOM6bzkJcE3xhUAOkEq2H1uxbeFNTC31U906xlv2K9/Q==",
      "cpu": [
        "x64"
      ],
      "license": "MIT",
      "optional": true,
      "os": [
        "darwin"
      ]
    },
    "node_modules/@audio/speaker-linux-arm64": {
      "version": "2.0.3",
      "resolved": "https://registry.npmjs.org/@audio/speaker-linux-arm64/-/speaker-linux-arm64-2.0.3.tgz",
      "integrity": "sha512-sIQVpQowcP+jgkCWTEmHbaveDYItcXWj+DZYHpUe7LeGARNtQpaJWOXFpXn738+mVjJXm1qLRDM5Ed0OVGlDLw==",
      "cpu": [
        "arm64"
      ],
      "license": "MIT",
      "optional": true,
      "os": [
        "linux"
      ]
    },
    "node_modules/@audio/speaker-linux-x64": {
      "version": "2.0.3",
      "resolved": "https://registry.npmjs.org/@audio/speaker-linux-x64/-/speaker-linux-x64-2.0.3.tgz",
      "integrity": "sha512-SZCbYS2iJuAmBTVRD4JX9WAh6ENzIpEAfz3qFrCvrdb+oe9eta5RBEa+OFgiJsUs9tOQYhwa+w2Qa7gBoFCSfA==",
      "cpu": [
        "x64"
      ],
      "license": "MIT",
      "optional": true,
      "os": [
        "linux"
      ]
    },
    "node_modules/@audio/speaker-win32-x64": {
      "version": "2.0.3",
      "resolved": "https://registry.npmjs.org/@audio/speaker-win32-x64/-/speaker-win32-x64-2.0.3.tgz",
      "integrity": "sha512-oYrRyce3G2+HjYLdB0XsDVod37pL02XcFgDTVpSlJTZUQSuRi1BS8nAfu3FKC8ZdaKFrQTISc/irdVYQX79S8w==",
      "cpu": [
        "x64"
      ],
      "license": "MIT",
      "optional": true,
      "os": [
        "win32"
      ]
    },
    "node_modules/@audio/webm-decode": {
      "version": "1.0.0",
      "resolved": "https://registry.npmjs.org/@audio/webm-decode/-/webm-decode-1.0.0.tgz",
      "integrity": "sha512-gie0sXNwbi7H5zVfdeKmAsARIqesXC9iVuPY77tkHA+iemOEbs+Q+pnYK/38YaDPNhByPdP47Ao90FHLlMJ6xg==",
      "license": "MIT",
      "dependencies": {
        "@wasm-audio-decoders/ogg-vorbis": "^0.1.20",
        "opus-decoder": "^0.7.6"
      },
      "engines": {
        "node": ">=16"
      }
    },
    "node_modules/@audio/wma-decode": {
      "version": "1.0.0",
      "resolved": "https://registry.npmjs.org/@audio/wma-decode/-/wma-decode-1.0.0.tgz",
      "integrity": "sha512-zfJ86djM8QD2wK3coNgiS9cknPCk83E77cS1iNizYx04hsBGSmQ6WMRi3kTIqC04y2ggXlfCzW4CLw1whOEZKg==",
      "license": "GPL-2.0-or-later",
      "engines": {
        "node": ">=16"
      }
    },
    "node_modules/@babel/runtime": {
      "version": "7.28.6",
      "resolved": "https://registry.npmjs.org/@babel/runtime/-/runtime-7.28.6.tgz",
      "integrity": "sha512-05WQkdpL9COIMz4LjTxGpPNCdlpyimKppYNoJ5Di5EUObifl8t4tuLuUBBZEpoLYOmfvIWrsp9fCl0HoPRVTdA==",
      "license": "MIT",
      "engines": {
        "node": ">=6.9.0"
      }
    },
    "node_modules/@eshaz/web-worker": {
      "version": "1.2.2",
      "resolved": "https://registry.npmjs.org/@eshaz/web-worker/-/web-worker-1.2.2.tgz",
      "integrity": "sha512-WxXiHFmD9u/owrzempiDlBB1ZYqiLnm9s6aPc8AlFQalq2tKmqdmMr9GXOupDgzXtqnBipj8Un0gkIm7Sjf8mw==",
      "license": "Apache-2.0"
    },
    "node_modules/@thi.ng/bitstream": {
      "version": "2.4.43",
      "resolved": "https://registry.npmjs.org/@thi.ng/bitstream/-/bitstream-2.4.43.tgz",
      "integrity": "sha512-tObOEr+osboa0kqQPk7Ny0E3vVfBRch13YJO5RpaDDSkMQmoXK/pw3yW/6kKJIObt27YQol6pGlOZBvB8MsghQ==",
      "funding": [
        {
          "type": "github",
          "url": "https://github.com/sponsors/postspectacular"
        },
        {
          "type": "patreon",
          "url": "https://patreon.com/thing_umbrella"
        },
        {
          "type": "liberapay",
          "url": "https://liberapay.com/thi.ng"
        }
      ],
      "license": "Apache-2.0",
      "dependencies": {
        "@thi.ng/errors": "^2.6.5"
      },
      "engines": {
        "node": ">=18"
      }
    },
    "node_modules/@thi.ng/errors": {
      "version": "2.6.5",
      "resolved": "https://registry.npmjs.org/@thi.ng/errors/-/errors-2.6.5.tgz",
      "integrity": "sha512-XKfcJzxikMI1+MKSiABcLzI2WIsm4SxGEdLIIQjYqew3q3CoypGe+w5W/DMvMWF6eFWT6ONINbiJ6QMHFTfVzA==",
      "funding": [
        {
          "type": "github",
          "url": "https://github.com/sponsors/postspectacular"
        },
        {
          "type": "patreon",
          "url": "https://patreon.com/thing_umbrella"
        },
        {
          "type": "liberapay",
          "url": "https://liberapay.com/thi.ng"
        }
      ],
      "license": "Apache-2.0",
      "engines": {
        "node": ">=18"
      }
    },
    "node_modules/@wasm-audio-decoders/common": {
      "version": "9.0.7",
      "resolved": "https://registry.npmjs.org/@wasm-audio-decoders/common/-/common-9.0.7.tgz",
      "integrity": "sha512-WRaUuWSKV7pkttBygml/a6dIEpatq2nnZGFIoPTc5yPLkxL6Wk4YaslPM98OPQvWacvNZ+Py9xROGDtrFBDzag==",
      "license": "MIT",
      "dependencies": {
        "@eshaz/web-worker": "1.2.2",
        "simple-yenc": "^1.0.4"
      }
    },
    "node_modules/@wasm-audio-decoders/flac": {
      "version": "0.2.10",
      "resolved": "https://registry.npmjs.org/@wasm-audio-decoders/flac/-/flac-0.2.10.tgz",
      "integrity": "sha512-YfcyoD2rYRBa6ffawZKNi5qvV5HArJmNmuMVUPoutuZ2hhGi6WNSWIzgvbROGmPbFivLL764Am7xxJENWJDhjw==",
      "license": "MIT",
      "dependencies": {
        "@wasm-audio-decoders/common": "9.0.7",
        "codec-parser": "2.5.0"
      },
      "funding": {
        "type": "individual",
        "url": "https://github.com/sponsors/eshaz"
      }
    },
    "node_modules/@wasm-audio-decoders/ogg-vorbis": {
      "version": "0.1.20",
      "resolved": "https://registry.npmjs.org/@wasm-audio-decoders/ogg-vorbis/-/ogg-vorbis-0.1.20.tgz",
      "integrity": "sha512-zaQPasU5usRjUDXtXOHYED5tfkR4QMXd+EH3Nrz1+4+M5pCsdD+s9YxJqb0oqnTyRu/KUujOmu5Z/m/NT47vwg==",
      "license": "MIT",
      "dependencies": {
        "@wasm-audio-decoders/common": "9.0.7",
        "codec-parser": "2.5.0"
      },
      "funding": {
        "type": "individual",
        "url": "https://github.com/sponsors/eshaz"
      }
    },
    "node_modules/@wasm-audio-decoders/opus-ml": {
      "version": "0.0.2",
      "resolved": "https://registry.npmjs.org/@wasm-audio-decoders/opus-ml/-/opus-ml-0.0.2.tgz",
      "integrity": "sha512-58rWEqDGg+CKCyEeKm2KoxxSwTWtHh/NLTW9ObR4K8CGF6VwuuGudEI1CtniS/oSRmL1nJq/eh8MKARiluw4DQ==",
      "license": "MIT",
      "dependencies": {
        "@wasm-audio-decoders/common": "9.0.7"
      },
      "funding": {
        "type": "individual",
        "url": "https://github.com/sponsors/eshaz"
      }
    },
    "node_modules/audio-buffer": {
      "version": "6.0.0",
      "resolved": "https://registry.npmjs.org/audio-buffer/-/audio-buffer-6.0.0.tgz",
      "integrity": "sha512-PSGyVgCqHO+5JTRjM0QbGqom7WDUbjfL3r0gJPMOITxyid5DiEaQjcG3WhB3bui5ZaGLcp0MIC4iigDV77u2Dg==",
      "license": "MIT"
    },
    "node_modules/audio-decode": {
      "version": "3.3.0",
      "resolved": "https://registry.npmjs.org/audio-decode/-/audio-decode-3.3.0.tgz",
      "integrity": "sha512-03xfByMOjjGeD21fMulUDT4LdDV8MFzGs1PH49eEB6N7nVHpRQToL/5+GhUHQXzanzWQeqwHoFShvhLqf554uQ==",
      "license": "MIT",
      "workspaces": [
        "packages/*"
      ],
      "dependencies": {
        "@audio/aac-decode": "^1.0.2",
        "@audio/aiff-decode": "^1.0.0",
        "@audio/amr-decode": "^1.0.0",
        "@audio/caf-decode": "^1.0.0",
        "@audio/webm-decode": "^1.0.0",
        "@audio/wma-decode": "^1.0.0",
        "@wasm-audio-decoders/flac": "^0.2.10",
        "@wasm-audio-decoders/ogg-vorbis": "^0.1.20",
        "audio-type": "^2.4.0",
        "mpg123-decoder": "^1.0.3",
        "node-wav": "^0.0.2",
        "ogg-opus-decoder": "^1.7.3",
        "qoa-format": "^1.0.1"
      }
    },
    "node_modules/audio-speaker": {
      "version": "2.0.5",
      "resolved": "https://registry.npmjs.org/audio-speaker/-/audio-speaker-2.0.5.tgz",
      "integrity": "sha512-nQfoDtO1xbuwcZ/cTbL0pRWXU+Jd62mOuaCwFtVAhN3Ki9SBH+0kgdNBU1et30QCxcHuE/4FyXxFP6a8BviySw==",
      "hasInstallScript": true,
      "license": "MIT",
      "engines": {
        "node": ">=18"
      },
      "optionalDependencies": {
        "@audio/speaker-darwin-x64": ">=2.0.0",
        "@audio/speaker-linux-arm64": ">=2.0.0",
        "@audio/speaker-linux-x64": ">=2.0.0",
        "@audio/speaker-win32-x64": ">=2.0.0"
      }
    },
    "node_modules/audio-type": {
      "version": "2.4.0",
      "resolved": "https://registry.npmjs.org/audio-type/-/audio-type-2.4.0.tgz",
      "integrity": "sha512-ugYMgxLpH6gyWUhFWFl2HCJboFL5z/GoqSdonx8ZycfNP8JDHBhRNzYWzrCRa/6htOWfvJAq7qpRloxvx06sRA==",
      "license": "MIT",
      "engines": {
        "node": ">=14"
      }
    },
    "node_modules/automation-events": {
      "version": "7.1.15",
      "resolved": "https://registry.npmjs.org/automation-events/-/automation-events-7.1.15.tgz",
      "integrity": "sha512-NsHJlve3twcgs8IyP4iEYph7Fzpnh6klN7G5LahwvypakBjFbsiGHJxrqTmeHKREdu/Tx6oZboqNI0tD4MnFlA==",
      "license": "MIT",
      "dependencies": {
        "@babel/runtime": "^7.28.6",
        "tslib": "^2.8.1"
      },
      "engines": {
        "node": ">=18.2.0"
      }
    },
    "node_modules/boolbase": {
      "version": "1.0.0",
      "resolved": "https://registry.npmjs.org/boolbase/-/boolbase-1.0.0.tgz",
      "integrity": "sha512-JZOSA7Mo9sNGB8+UjSgzdLtokWAky1zbztM3WRLCbZ70/3cTANmQmOdR7y2g+J0e2WXywy1yS468tY+IruqEww==",
      "dev": true,
      "license": "ISC"
    },
    "node_modules/caller": {
      "version": "1.1.0",
      "resolved": "https://registry.npmjs.org/caller/-/caller-1.1.0.tgz",
      "integrity": "sha512-n+21IZC3j06YpCWaxmUy5AnVqhmCIM2bQtqQyy00HJlmStRt6kwDX5F9Z97pqwAB+G/tgSz6q/kUBbNyQzIubw==",
      "dev": true,
      "license": "MIT"
    },
    "node_modules/codec-parser": {
      "version": "2.5.0",
      "resolved": "https://registry.npmjs.org/codec-parser/-/codec-parser-2.5.0.tgz",
      "integrity": "sha512-Ru9t80fV8B0ZiixQl8xhMTLru+dzuis/KQld32/x5T/+3LwZb0/YvQdSKytX9JqCnRdiupvAvyYJINKrXieziQ==",
      "license": "LGPL-3.0-or-later"
    },
    "node_modules/css-select": {
      "version": "5.2.2",
      "resolved": "https://registry.npmjs.org/css-select/-/css-select-5.2.2.tgz",
      "integrity": "sha512-TizTzUddG/xYLA3NXodFM0fSbNizXjOKhqiQQwvhlspadZokn1KDy0NZFS0wuEubIYAV5/c1/lAr0TaaFXEXzw==",
      "dev": true,
      "license": "BSD-2-Clause",
      "dependencies": {
        "boolbase": "^1.0.0",
        "css-what": "^6.1.0",
        "domhandler": "^5.0.2",
        "domutils": "^3.0.1",
        "nth-check": "^2.0.1"
      },
      "funding": {
        "url": "https://github.com/sponsors/fb55"
      }
    },
    "node_modules/css-what": {
      "version": "6.2.2",
      "resolved": "https://registry.npmjs.org/css-what/-/css-what-6.2.2.tgz",
      "integrity": "sha512-u/O3vwbptzhMs3L1fQE82ZSLHQQfto5gyZzwteVIEyeaY5Fc7R4dapF/BvRoSYFeqfBk4m0V1Vafq5Pjv25wvA==",
      "dev": true,
      "license": "BSD-2-Clause",
      "engines": {
        "node": ">= 6"
      },
      "funding": {
        "url": "https://github.com/sponsors/fb55"
      }
    },
    "node_modules/cssom": {
      "version": "0.5.0",
      "resolved": "https://registry.npmjs.org/cssom/-/cssom-0.5.0.tgz",
      "integrity": "sha512-iKuQcq+NdHqlAcwUY0o/HL69XQrUaQdMjmStJ8JFmUaiiQErlhrmuigkg/CU4E2J0IyUKUrMAgl36TvN67MqTw==",
      "dev": true,
      "license": "MIT"
    },
    "node_modules/data-uri-to-buffer": {
      "version": "4.0.1",
      "resolved": "https://registry.npmjs.org/data-uri-to-buffer/-/data-uri-to-buffer-4.0.1.tgz",
      "integrity": "sha512-0R9ikRb668HB7QDxT1vkpuUBtqc53YyAwMwGeUFKRojY/NWKvdZ+9UYtRfGmhqNbRkTSVpMbmyhXipFFv2cb/A==",
      "dev": true,
      "license": "MIT",
      "engines": {
        "node": ">= 12"
      }
    },
    "node_modules/dom-serializer": {
      "version": "2.0.0",
      "resolved": "https://registry.npmjs.org/dom-serializer/-/dom-serializer-2.0.0.tgz",
      "integrity": "sha512-wIkAryiqt/nV5EQKqQpo3SToSOV9J0DnbJqwK7Wv/Trc92zIAYZ4FlMu+JPFW1DfGFt81ZTCGgDEabffXeLyJg==",
      "dev": true,
      "license": "MIT",
      "dependencies": {
        "domelementtype": "^2.3.0",
        "domhandler": "^5.0.2",
        "entities": "^4.2.0"
      },
      "funding": {
        "url": "https://github.com/cheeriojs/dom-serializer?sponsor=1"
      }
    },
    "node_modules/dom-serializer/node_modules/entities": {
      "version": "4.5.0",
      "resolved": "https://registry.npmjs.org/entities/-/entities-4.5.0.tgz",
      "integrity": "sha512-V0hjH4dGPh9Ao5p0MoRY6BVqtwCjhz6vI5LT8AJ55H+4g9/4vbHx1I54fS0XuclLhDHArPQCiMjDxjaL8fPxhw==",
      "dev": true,
      "license": "BSD-2-Clause",
      "engines": {
        "node": ">=0.12"
      },
      "funding": {
        "url": "https://github.com/fb55/entities?sponsor=1"
      }
    },
    "node_modules/domelementtype": {
      "version": "2.3.0",
      "resolved": "https://registry.npmjs.org/domelementtype/-/domelementtype-2.3.0.tgz",
      "integrity": "sha512-OLETBj6w0OsagBwdXnPdN0cnMfF9opN69co+7ZrbfPGrdpPVNBUj02spi6B1N7wChLQiPn4CSH/zJvXw56gmHw==",
      "dev": true,
      "funding": [
        {
          "type": "github",
          "url": "https://github.com/sponsors/fb55"
        }
      ],
      "license": "BSD-2-Clause"
    },
    "node_modules/domhandler": {
      "version": "5.0.3",
      "resolved": "https://registry.npmjs.org/domhandler/-/domhandler-5.0.3.tgz",
      "integrity": "sha512-cgwlv/1iFQiFnU96XXgROh8xTeetsnJiDsTc7TYCLFd9+/WNkIqPTxiM/8pSd8VIrhXGTf1Ny1q1hquVqDJB5w==",
      "dev": true,
      "license": "BSD-2-Clause",
      "dependencies": {
        "domelementtype": "^2.3.0"
      },
      "engines": {
        "node": ">= 4"
      },
      "funding": {
        "url": "https://github.com/fb55/domhandler?sponsor=1"
      }
    },
    "node_modules/domutils": {
      "version": "3.2.2",
      "resolved": "https://registry.npmjs.org/domutils/-/domutils-3.2.2.tgz",
      "integrity": "sha512-6kZKyUajlDuqlHKVX1w7gyslj9MPIXzIFiz/rGu35uC1wMi+kMhQwGhl4lt9unC9Vb9INnY9Z3/ZA3+FhASLaw==",
      "dev": true,
      "license": "BSD-2-Clause",
      "dependencies": {
        "dom-serializer": "^2.0.0",
        "domelementtype": "^2.3.0",
        "domhandler": "^5.0.3"
      },
      "funding": {
        "url": "https://github.com/fb55/domutils?sponsor=1"
      }
    },
    "node_modules/entities": {
      "version": "7.0.1",
      "resolved": "https://registry.npmjs.org/entities/-/entities-7.0.1.tgz",
      "integrity": "sha512-TWrgLOFUQTH994YUyl1yT4uyavY5nNB5muff+RtWaqNVCAK408b5ZnnbNAUEWLTCpum9w6arT70i1XdQ4UeOPA==",
      "dev": true,
      "license": "BSD-2-Clause",
      "engines": {
        "node": ">=0.12"
      },
      "funding": {
        "url": "https://github.com/fb55/entities?sponsor=1"
      }
    },
    "node_modules/fetch-blob": {
      "version": "3.2.0",
      "resolved": "https://registry.npmjs.org/fetch-blob/-/fetch-blob-3.2.0.tgz",
      "integrity": "sha512-7yAQpD2UMJzLi1Dqv7qFYnPbaPx7ZfFK6PiIxQ4PfkGPyNyl2Ugx+a/umUonmKqjhM4DnfbMvdX6otXq83soQQ==",
      "dev": true,
      "funding": [
        {
          "type": "github",
          "url": "https://github.com/sponsors/jimmywarting"
        },
        {
          "type": "paypal",
          "url": "https://paypal.me/jimmywarting"
        }
      ],
      "license": "MIT",
      "dependencies": {
        "node-domexception": "^1.0.0",
        "web-streams-polyfill": "^3.0.3"
      },
      "engines": {
        "node": "^12.20 || >= 14.13"
      }
    },
    "node_modules/formdata-polyfill": {
      "version": "4.0.10",
      "resolved": "https://registry.npmjs.org/formdata-polyfill/-/formdata-polyfill-4.0.10.tgz",
      "integrity": "sha512-buewHzMvYL29jdeQTVILecSaZKnt/RJWjoZCF5OW60Z67/GmSLBkOFM7qh1PI3zFNtJbaZL5eQu1vLfazOwj4g==",
      "dev": true,
      "license": "MIT",
      "dependencies": {
        "fetch-blob": "^3.1.2"
      },
      "engines": {
        "node": ">=12.20.0"
      }
    },
    "node_modules/fourier-transform": {
      "version": "2.2.0",
      "resolved": "https://registry.npmjs.org/fourier-transform/-/fourier-transform-2.2.0.tgz",
      "integrity": "sha512-IMFCIoZycT+8btxocpqAfVBpLtfLgQ/Y0w8KvX4iPT8C2Y+aAXz49kK4Gvaogfqz0lZiBpwAk2z10Grfyg5Buw==",
      "license": "MIT"
    },
    "node_modules/html-escaper": {
      "version": "3.0.3",
      "resolved": "https://registry.npmjs.org/html-escaper/-/html-escaper-3.0.3.tgz",
      "integrity": "sha512-RuMffC89BOWQoY0WKGpIhn5gX3iI54O6nRA0yC124NYVtzjmFWBIiFd8M0x+ZdX0P9R4lADg1mgP8C7PxGOWuQ==",
      "dev": true,
      "license": "MIT"
    },
    "node_modules/htmlparser2": {
      "version": "10.1.0",
      "resolved": "https://registry.npmjs.org/htmlparser2/-/htmlparser2-10.1.0.tgz",
      "integrity": "sha512-VTZkM9GWRAtEpveh7MSF6SjjrpNVNNVJfFup7xTY3UpFtm67foy9HDVXneLtFVt4pMz5kZtgNcvCniNFb1hlEQ==",
      "dev": true,
      "funding": [
        "https://github.com/fb55/htmlparser2?sponsor=1",
        {
          "type": "github",
          "url": "https://github.com/sponsors/fb55"
        }
      ],
      "license": "MIT",
      "dependencies": {
        "domelementtype": "^2.3.0",
        "domhandler": "^5.0.3",
        "domutils": "^3.2.2",
        "entities": "^7.0.1"
      }
    },
    "node_modules/linkedom": {
      "version": "0.18.12",
      "resolved": "https://registry.npmjs.org/linkedom/-/linkedom-0.18.12.tgz",
      "integrity": "sha512-jalJsOwIKuQJSeTvsgzPe9iJzyfVaEJiEXl+25EkKevsULHvMJzpNqwvj1jOESWdmgKDiXObyjOYwlUqG7wo1Q==",
      "dev": true,
      "license": "ISC",
      "dependencies": {
        "css-select": "^5.1.0",
        "cssom": "^0.5.0",
        "html-escaper": "^3.0.3",
        "htmlparser2": "^10.0.0",
        "uhyphen": "^0.2.0"
      },
      "engines": {
        "node": ">=16"
      },
      "peerDependencies": {
        "canvas": ">= 2"
      },
      "peerDependenciesMeta": {
        "canvas": {
          "optional": true
        }
      }
    },
    "node_modules/mpg123-decoder": {
      "version": "1.0.3",
      "resolved": "https://registry.npmjs.org/mpg123-decoder/-/mpg123-decoder-1.0.3.tgz",
      "integrity": "sha512-+fjxnWigodWJm3+4pndi+KUg9TBojgn31DPk85zEsim7C6s0X5Ztc/hQYdytXkwuGXH+aB0/aEkG40Emukv6oQ==",
      "license": "MIT",
      "dependencies": {
        "@wasm-audio-decoders/common": "9.0.7"
      },
      "funding": {
        "type": "individual",
        "url": "https://github.com/sponsors/eshaz"
      }
    },
    "node_modules/node-domexception": {
      "version": "1.0.0",
      "resolved": "https://registry.npmjs.org/node-domexception/-/node-domexception-1.0.0.tgz",
      "integrity": "sha512-/jKZoMpw0F8GRwl4/eLROPA3cfcXtLApP0QzLmUT/HuPCZWyB7IY9ZrMeKw2O/nFIqPQB3PVM9aYm0F312AXDQ==",
      "deprecated": "Use your platform's native DOMException instead",
      "dev": true,
      "funding": [
        {
          "type": "github",
          "url": "https://github.com/sponsors/jimmywarting"
        },
        {
          "type": "github",
          "url": "https://paypal.me/jimmywarting"
        }
      ],
      "license": "MIT",
      "engines": {
        "node": ">=10.5.0"
      }
    },
    "node_modules/node-fetch": {
      "version": "3.3.2",
      "resolved": "https://registry.npmjs.org/node-fetch/-/node-fetch-3.3.2.tgz",
      "integrity": "sha512-dRB78srN/l6gqWulah9SrxeYnxeddIG30+GOqK/9OlLVyLg3HPnr6SqOWTWOXKRwC2eGYCkZ59NNuSgvSrpgOA==",
      "dev": true,
      "license": "MIT",
      "dependencies": {
        "data-uri-to-buffer": "^4.0.0",
        "fetch-blob": "^3.1.4",
        "formdata-polyfill": "^4.0.10"
      },
      "engines": {
        "node": "^12.20.0 || ^14.13.1 || >=16.0.0"
      },
      "funding": {
        "type": "opencollective",
        "url": "https://opencollective.com/node-fetch"
      }
    },
    "node_modules/node-wav": {
      "version": "0.0.2",
      "resolved": "https://registry.npmjs.org/node-wav/-/node-wav-0.0.2.tgz",
      "integrity": "sha512-M6Rm/bbG6De/gKGxOpeOobx/dnGuP0dz40adqx38boqHhlWssBJZgLCPBNtb9NkrmnKYiV04xELq+R6PFOnoLA==",
      "license": "MIT",
      "engines": {
        "node": ">=4.4.0"
      }
    },
    "node_modules/node-web-audio-api": {
      "version": "1.0.8",
      "resolved": "https://registry.npmjs.org/node-web-audio-api/-/node-web-audio-api-1.0.8.tgz",
      "integrity": "sha512-xEQs4ySdyQ28T0zf8FjP96AzkWwE6dObaBsBxqJAbB4kpYMrVfIdAD0HjpY5tdN0pEDfEHyQ3S+0fTEk8SlqrQ==",
      "dev": true,
      "license": "BSD-3-Clause",
      "dependencies": {
        "caller": "^1.1.0",
        "node-fetch": "^3.3.2",
        "webidl-conversions": "^7.0.0"
      },
      "engines": {
        "node": ">= 14"
      }
    },
    "node_modules/nth-check": {
      "version": "2.1.1",
      "resolved": "https://registry.npmjs.org/nth-check/-/nth-check-2.1.1.tgz",
      "integrity": "sha512-lqjrjmaOoAnWfMmBPL+XNnynZh2+swxiX3WUE0s4yEHI6m+AwrK2UZOimIRl3X/4QctVqS8AiZjFqyOGrMXb/w==",
      "dev": true,
      "license": "BSD-2-Clause",
      "dependencies": {
        "boolbase": "^1.0.0"
      },
      "funding": {
        "url": "https://github.com/fb55/nth-check?sponsor=1"
      }
    },
    "node_modules/ogg-opus-decoder": {
      "version": "1.7.3",
      "resolved": "https://registry.npmjs.org/ogg-opus-decoder/-/ogg-opus-decoder-1.7.3.tgz",
      "integrity": "sha512-w47tiZpkLgdkpa+34VzYD8mHUj8I9kfWVZa82mBbNwDvB1byfLXSSzW/HxA4fI3e9kVlICSpXGFwMLV1LPdjwg==",
      "license": "MIT",
      "dependencies": {
        "@wasm-audio-decoders/common": "9.0.7",
        "@wasm-audio-decoders/opus-ml": "0.0.2",
        "codec-parser": "2.5.0",
        "opus-decoder": "0.7.11"
      },
      "funding": {
        "type": "individual",
        "url": "https://github.com/sponsors/eshaz"
      }
    },
    "node_modules/opus-decoder": {
      "version": "0.7.11",
      "resolved": "https://registry.npmjs.org/opus-decoder/-/opus-decoder-0.7.11.tgz",
      "integrity": "sha512-+e+Jz3vGQLxRTBHs8YJQPRPc1Tr+/aC6coV/DlZylriA29BdHQAYXhvNRKtjftof17OFng0+P4wsFIqQu3a48A==",
      "license": "MIT",
      "dependencies": {
        "@wasm-audio-decoders/common": "9.0.7"
      },
      "funding": {
        "type": "individual",
        "url": "https://github.com/sponsors/eshaz"
      }
    },
    "node_modules/qoa-format": {
      "version": "1.0.1",
      "resolved": "https://registry.npmjs.org/qoa-format/-/qoa-format-1.0.1.tgz",
      "integrity": "sha512-dMB0Z6XQjdpz/Cw4Rf6RiBpQvUSPCfYlQMWvmuWlWkAT7nDQD29cVZ1SwDUB6DYJSitHENwbt90lqfI+7bvMcw==",
      "license": "MIT",
      "dependencies": {
        "@thi.ng/bitstream": "^2.2.12"
      }
    },
    "node_modules/simple-yenc": {
      "version": "1.0.4",
      "resolved": "https://registry.npmjs.org/simple-yenc/-/simple-yenc-1.0.4.tgz",
      "integrity": "sha512-5gvxpSd79e9a3V4QDYUqnqxeD4HGlhCakVpb6gMnDD7lexJggSBJRBO5h52y/iJrdXRilX9UCuDaIJhSWm5OWw==",
      "license": "MIT",
      "funding": {
        "type": "individual",
        "url": "https://github.com/sponsors/eshaz"
      }
    },
    "node_modules/tslib": {
      "version": "2.8.1",
      "resolved": "https://registry.npmjs.org/tslib/-/tslib-2.8.1.tgz",
      "integrity": "sha512-oJFu94HQb+KVduSUQL7wnpmqnfmLsOA/nAh6b6EH0wCEoK0/mPeXU6c3wKDV83MkOuHPRHtSXKKU99IBazS/2w==",
      "license": "0BSD"
    },
    "node_modules/tst": {
      "version": "9.2.2",
      "resolved": "https://registry.npmjs.org/tst/-/tst-9.2.2.tgz",
      "integrity": "sha512-K7+t03srZbpP5XklbCqdhrvITlDb6yC54vrhblJQSld7YD8ixHU33HxTBxjhLE6KR0+enmXoc1cMokYwebDJ5w==",
      "dev": true,
      "license": "MIT"
    },
    "node_modules/uhyphen": {
      "version": "0.2.0",
      "resolved": "https://registry.npmjs.org/uhyphen/-/uhyphen-0.2.0.tgz",
      "integrity": "sha512-qz3o9CHXmJJPGBdqzab7qAYuW8kQGKNEuoHFYrBwV6hWIMcpAmxDLXojcHfFr9US1Pe6zUswEIJIbLI610fuqA==",
      "dev": true,
      "license": "ISC"
    },
    "node_modules/web-streams-polyfill": {
      "version": "3.3.3",
      "resolved": "https://registry.npmjs.org/web-streams-polyfill/-/web-streams-polyfill-3.3.3.tgz",
      "integrity": "sha512-d2JWLCivmZYTSIoge9MsgFCZrt571BikcWGYkjC1khllbTeDlGqZ2D8vD8E/lJa8WGWbb7Plm8/XJYV7IJHZZw==",
      "dev": true,
      "license": "MIT",
      "engines": {
        "node": ">= 8"
      }
    },
    "node_modules/webidl-conversions": {
      "version": "7.0.0",
      "resolved": "https://registry.npmjs.org/webidl-conversions/-/webidl-conversions-7.0.0.tgz",
      "integrity": "sha512-VwddBukDzu71offAQR975unBIGqfKZpM+8ZX6ySk8nYhVoo5CYaZyzt3YBvYtRtO+aoGlqxPg/B87NGVZ/fu6g==",
      "dev": true,
      "license": "BSD-2-Clause",
      "engines": {
        "node": ">=12"
      }
    }
  },
  "dependencies": {
    "@audio/aac-decode": {
      "version": "1.0.2",
      "resolved": "https://registry.npmjs.org/@audio/aac-decode/-/aac-decode-1.0.2.tgz",
      "integrity": "sha512-uRt4BFvAv9KFKfR8HkBWOfw54CFGRJH8GCTCsYXRwG2WpELjyfovYdKuhTxCe7qxu4ideb8vOYTZgfn/mZm/4A=="
    },
    "@audio/aiff-decode": {
      "version": "1.0.0",
      "resolved": "https://registry.npmjs.org/@audio/aiff-decode/-/aiff-decode-1.0.0.tgz",
      "integrity": "sha512-p3lkQIJ0qpGXpK/q7l+h6eK8zQZ5ohk4UO52w4tHGSxljXui7OEIqtmYNqDzXUVtkuDuW2yBC8zkomv8kt1IJQ=="
    },
    "@audio/amr-decode": {
      "version": "1.0.0",
      "resolved": "https://registry.npmjs.org/@audio/amr-decode/-/amr-decode-1.0.0.tgz",
      "integrity": "sha512-B9T57nXhQgi7B5aVSET1Te4j9eNZVrMSL8azurD0c/FGyJwp5saLCzuC9EV3J1s/F7z5676xA7r6nsNCwAhyCQ=="
    },
    "@audio/caf-decode": {
      "version": "1.0.0",
      "resolved": "https://registry.npmjs.org/@audio/caf-decode/-/caf-decode-1.0.0.tgz",
      "integrity": "sha512-CwvgCA+rm3rI5e811R5cBjl1DYB4+6BiNNUucwWrU2XSX3eiP+H2Tfn5CsBc/IE8+OXzbzkV8YoDuyX9+3UDyQ=="
    },
    "@audio/speaker-darwin-x64": {
      "version": "2.0.3",
      "resolved": "https://registry.npmjs.org/@audio/speaker-darwin-x64/-/speaker-darwin-x64-2.0.3.tgz",
      "integrity": "sha512-VXufLQoLJKWQPb0CrwnCul+KswOXSBSragUZE9WyMmSOM6bzkJcE3xhUAOkEq2H1uxbeFNTC31U906xlv2K9/Q==",
      "optional": true
    },
    "@audio/speaker-linux-arm64": {
      "version": "2.0.3",
      "resolved": "https://registry.npmjs.org/@audio/speaker-linux-arm64/-/speaker-linux-arm64-2.0.3.tgz",
      "integrity": "sha512-sIQVpQowcP+jgkCWTEmHbaveDYItcXWj+DZYHpUe7LeGARNtQpaJWOXFpXn738+mVjJXm1qLRDM5Ed0OVGlDLw==",
      "optional": true
    },
    "@audio/speaker-linux-x64": {
      "version": "2.0.3",
      "resolved": "https://registry.npmjs.org/@audio/speaker-linux-x64/-/speaker-linux-x64-2.0.3.tgz",
      "integrity": "sha512-SZCbYS2iJuAmBTVRD4JX9WAh6ENzIpEAfz3qFrCvrdb+oe9eta5RBEa+OFgiJsUs9tOQYhwa+w2Qa7gBoFCSfA==",
      "optional": true
    },
    "@audio/speaker-win32-x64": {
      "version": "2.0.3",
      "resolved": "https://registry.npmjs.org/@audio/speaker-win32-x64/-/speaker-win32-x64-2.0.3.tgz",
      "integrity": "sha512-oYrRyce3G2+HjYLdB0XsDVod37pL02XcFgDTVpSlJTZUQSuRi1BS8nAfu3FKC8ZdaKFrQTISc/irdVYQX79S8w==",
      "optional": true
    },
    "@audio/webm-decode": {
      "version": "1.0.0",
      "resolved": "https://registry.npmjs.org/@audio/webm-decode/-/webm-decode-1.0.0.tgz",
      "integrity": "sha512-gie0sXNwbi7H5zVfdeKmAsARIqesXC9iVuPY77tkHA+iemOEbs+Q+pnYK/38YaDPNhByPdP47Ao90FHLlMJ6xg==",
      "requires": {
        "@wasm-audio-decoders/ogg-vorbis": "^0.1.20",
        "opus-decoder": "^0.7.6"
      }
    },
    "@audio/wma-decode": {
      "version": "1.0.0",
      "resolved": "https://registry.npmjs.org/@audio/wma-decode/-/wma-decode-1.0.0.tgz",
      "integrity": "sha512-zfJ86djM8QD2wK3coNgiS9cknPCk83E77cS1iNizYx04hsBGSmQ6WMRi3kTIqC04y2ggXlfCzW4CLw1whOEZKg=="
    },
    "@babel/runtime": {
      "version": "7.28.6",
      "resolved": "https://registry.npmjs.org/@babel/runtime/-/runtime-7.28.6.tgz",
      "integrity": "sha512-05WQkdpL9COIMz4LjTxGpPNCdlpyimKppYNoJ5Di5EUObifl8t4tuLuUBBZEpoLYOmfvIWrsp9fCl0HoPRVTdA=="
    },
    "@eshaz/web-worker": {
      "version": "1.2.2",
      "resolved": "https://registry.npmjs.org/@eshaz/web-worker/-/web-worker-1.2.2.tgz",
      "integrity": "sha512-WxXiHFmD9u/owrzempiDlBB1ZYqiLnm9s6aPc8AlFQalq2tKmqdmMr9GXOupDgzXtqnBipj8Un0gkIm7Sjf8mw=="
    },
    "@thi.ng/bitstream": {
      "version": "2.4.43",
      "resolved": "https://registry.npmjs.org/@thi.ng/bitstream/-/bitstream-2.4.43.tgz",
      "integrity": "sha512-tObOEr+osboa0kqQPk7Ny0E3vVfBRch13YJO5RpaDDSkMQmoXK/pw3yW/6kKJIObt27YQol6pGlOZBvB8MsghQ==",
      "requires": {
        "@thi.ng/errors": "^2.6.5"
      }
    },
    "@thi.ng/errors": {
      "version": "2.6.5",
      "resolved": "https://registry.npmjs.org/@thi.ng/errors/-/errors-2.6.5.tgz",
      "integrity": "sha512-XKfcJzxikMI1+MKSiABcLzI2WIsm4SxGEdLIIQjYqew3q3CoypGe+w5W/DMvMWF6eFWT6ONINbiJ6QMHFTfVzA=="
    },
    "@wasm-audio-decoders/common": {
      "version": "9.0.7",
      "resolved": "https://registry.npmjs.org/@wasm-audio-decoders/common/-/common-9.0.7.tgz",
      "integrity": "sha512-WRaUuWSKV7pkttBygml/a6dIEpatq2nnZGFIoPTc5yPLkxL6Wk4YaslPM98OPQvWacvNZ+Py9xROGDtrFBDzag==",
      "requires": {
        "@eshaz/web-worker": "1.2.2",
        "simple-yenc": "^1.0.4"
      }
    },
    "@wasm-audio-decoders/flac": {
      "version": "0.2.10",
      "resolved": "https://registry.npmjs.org/@wasm-audio-decoders/flac/-/flac-0.2.10.tgz",
      "integrity": "sha512-YfcyoD2rYRBa6ffawZKNi5qvV5HArJmNmuMVUPoutuZ2hhGi6WNSWIzgvbROGmPbFivLL764Am7xxJENWJDhjw==",
      "requires": {
        "@wasm-audio-decoders/common": "9.0.7",
        "codec-parser": "2.5.0"
      }
    },
    "@wasm-audio-decoders/ogg-vorbis": {
      "version": "0.1.20",
      "resolved": "https://registry.npmjs.org/@wasm-audio-decoders/ogg-vorbis/-/ogg-vorbis-0.1.20.tgz",
      "integrity": "sha512-zaQPasU5usRjUDXtXOHYED5tfkR4QMXd+EH3Nrz1+4+M5pCsdD+s9YxJqb0oqnTyRu/KUujOmu5Z/m/NT47vwg==",
      "requires": {
        "@wasm-audio-decoders/common": "9.0.7",
        "codec-parser": "2.5.0"
      }
    },
    "@wasm-audio-decoders/opus-ml": {
      "version": "0.0.2",
      "resolved": "https://registry.npmjs.org/@wasm-audio-decoders/opus-ml/-/opus-ml-0.0.2.tgz",
      "integrity": "sha512-58rWEqDGg+CKCyEeKm2KoxxSwTWtHh/NLTW9ObR4K8CGF6VwuuGudEI1CtniS/oSRmL1nJq/eh8MKARiluw4DQ==",
      "requires": {
        "@wasm-audio-decoders/common": "9.0.7"
      }
    },
    "audio-buffer": {
      "version": "6.0.0",
      "resolved": "https://registry.npmjs.org/audio-buffer/-/audio-buffer-6.0.0.tgz",
      "integrity": "sha512-PSGyVgCqHO+5JTRjM0QbGqom7WDUbjfL3r0gJPMOITxyid5DiEaQjcG3WhB3bui5ZaGLcp0MIC4iigDV77u2Dg=="
    },
    "audio-decode": {
      "version": "3.3.0",
      "resolved": "https://registry.npmjs.org/audio-decode/-/audio-decode-3.3.0.tgz",
      "integrity": "sha512-03xfByMOjjGeD21fMulUDT4LdDV8MFzGs1PH49eEB6N7nVHpRQToL/5+GhUHQXzanzWQeqwHoFShvhLqf554uQ==",
      "requires": {
        "@audio/aac-decode": "^1.0.2",
        "@audio/aiff-decode": "^1.0.0",
        "@audio/amr-decode": "^1.0.0",
        "@audio/caf-decode": "^1.0.0",
        "@audio/webm-decode": "^1.0.0",
        "@audio/wma-decode": "^1.0.0",
        "@wasm-audio-decoders/flac": "^0.2.10",
        "@wasm-audio-decoders/ogg-vorbis": "^0.1.20",
        "audio-type": "^2.4.0",
        "mpg123-decoder": "^1.0.3",
        "node-wav": "^0.0.2",
        "ogg-opus-decoder": "^1.7.3",
        "qoa-format": "^1.0.1"
      }
    },
    "audio-speaker": {
      "version": "2.0.5",
      "resolved": "https://registry.npmjs.org/audio-speaker/-/audio-speaker-2.0.5.tgz",
      "integrity": "sha512-nQfoDtO1xbuwcZ/cTbL0pRWXU+Jd62mOuaCwFtVAhN3Ki9SBH+0kgdNBU1et30QCxcHuE/4FyXxFP6a8BviySw==",
      "requires": {
        "@audio/speaker-darwin-x64": ">=2.0.0",
        "@audio/speaker-linux-arm64": ">=2.0.0",
        "@audio/speaker-linux-x64": ">=2.0.0",
        "@audio/speaker-win32-x64": ">=2.0.0"
      }
    },
    "audio-type": {
      "version": "2.4.0",
      "resolved": "https://registry.npmjs.org/audio-type/-/audio-type-2.4.0.tgz",
      "integrity": "sha512-ugYMgxLpH6gyWUhFWFl2HCJboFL5z/GoqSdonx8ZycfNP8JDHBhRNzYWzrCRa/6htOWfvJAq7qpRloxvx06sRA=="
    },
    "automation-events": {
      "version": "7.1.15",
      "resolved": "https://registry.npmjs.org/automation-events/-/automation-events-7.1.15.tgz",
      "integrity": "sha512-NsHJlve3twcgs8IyP4iEYph7Fzpnh6klN7G5LahwvypakBjFbsiGHJxrqTmeHKREdu/Tx6oZboqNI0tD4MnFlA==",
      "requires": {
        "@babel/runtime": "^7.28.6",
        "tslib": "^2.8.1"
      }
    },
    "boolbase": {
      "version": "1.0.0",
      "resolved": "https://registry.npmjs.org/boolbase/-/boolbase-1.0.0.tgz",
      "integrity": "sha512-JZOSA7Mo9sNGB8+UjSgzdLtokWAky1zbztM3WRLCbZ70/3cTANmQmOdR7y2g+J0e2WXywy1yS468tY+IruqEww==",
      "dev": true
    },
    "caller": {
      "version": "1.1.0",
      "resolved": "https://registry.npmjs.org/caller/-/caller-1.1.0.tgz",
      "integrity": "sha512-n+21IZC3j06YpCWaxmUy5AnVqhmCIM2bQtqQyy00HJlmStRt6kwDX5F9Z97pqwAB+G/tgSz6q/kUBbNyQzIubw==",
      "dev": true
    },
    "codec-parser": {
      "version": "2.5.0",
      "resolved": "https://registry.npmjs.org/codec-parser/-/codec-parser-2.5.0.tgz",
      "integrity": "sha512-Ru9t80fV8B0ZiixQl8xhMTLru+dzuis/KQld32/x5T/+3LwZb0/YvQdSKytX9JqCnRdiupvAvyYJINKrXieziQ=="
    },
    "css-select": {
      "version": "5.2.2",
      "resolved": "https://registry.npmjs.org/css-select/-/css-select-5.2.2.tgz",
      "integrity": "sha512-TizTzUddG/xYLA3NXodFM0fSbNizXjOKhqiQQwvhlspadZokn1KDy0NZFS0wuEubIYAV5/c1/lAr0TaaFXEXzw==",
      "dev": true,
      "requires": {
        "boolbase": "^1.0.0",
        "css-what": "^6.1.0",
        "domhandler": "^5.0.2",
        "domutils": "^3.0.1",
        "nth-check": "^2.0.1"
      }
    },
    "css-what": {
      "version": "6.2.2",
      "resolved": "https://registry.npmjs.org/css-what/-/css-what-6.2.2.tgz",
      "integrity": "sha512-u/O3vwbptzhMs3L1fQE82ZSLHQQfto5gyZzwteVIEyeaY5Fc7R4dapF/BvRoSYFeqfBk4m0V1Vafq5Pjv25wvA==",
      "dev": true
    },
    "cssom": {
      "version": "0.5.0",
      "resolved": "https://registry.npmjs.org/cssom/-/cssom-0.5.0.tgz",
      "integrity": "sha512-iKuQcq+NdHqlAcwUY0o/HL69XQrUaQdMjmStJ8JFmUaiiQErlhrmuigkg/CU4E2J0IyUKUrMAgl36TvN67MqTw==",
      "dev": true
    },
    "data-uri-to-buffer": {
      "version": "4.0.1",
      "resolved": "https://registry.npmjs.org/data-uri-to-buffer/-/data-uri-to-buffer-4.0.1.tgz",
      "integrity": "sha512-0R9ikRb668HB7QDxT1vkpuUBtqc53YyAwMwGeUFKRojY/NWKvdZ+9UYtRfGmhqNbRkTSVpMbmyhXipFFv2cb/A==",
      "dev": true
    },
    "dom-serializer": {
      "version": "2.0.0",
      "resolved": "https://registry.npmjs.org/dom-serializer/-/dom-serializer-2.0.0.tgz",
      "integrity": "sha512-wIkAryiqt/nV5EQKqQpo3SToSOV9J0DnbJqwK7Wv/Trc92zIAYZ4FlMu+JPFW1DfGFt81ZTCGgDEabffXeLyJg==",
      "dev": true,
      "requires": {
        "domelementtype": "^2.3.0",
        "domhandler": "^5.0.2",
        "entities": "^4.2.0"
      },
      "dependencies": {
        "entities": {
          "version": "4.5.0",
          "resolved": "https://registry.npmjs.org/entities/-/entities-4.5.0.tgz",
          "integrity": "sha512-V0hjH4dGPh9Ao5p0MoRY6BVqtwCjhz6vI5LT8AJ55H+4g9/4vbHx1I54fS0XuclLhDHArPQCiMjDxjaL8fPxhw==",
          "dev": true
        }
      }
    },
    "domelementtype": {
      "version": "2.3.0",
      "resolved": "https://registry.npmjs.org/domelementtype/-/domelementtype-2.3.0.tgz",
      "integrity": "sha512-OLETBj6w0OsagBwdXnPdN0cnMfF9opN69co+7ZrbfPGrdpPVNBUj02spi6B1N7wChLQiPn4CSH/zJvXw56gmHw==",
      "dev": true
    },
    "domhandler": {
      "version": "5.0.3",
      "resolved": "https://registry.npmjs.org/domhandler/-/domhandler-5.0.3.tgz",
      "integrity": "sha512-cgwlv/1iFQiFnU96XXgROh8xTeetsnJiDsTc7TYCLFd9+/WNkIqPTxiM/8pSd8VIrhXGTf1Ny1q1hquVqDJB5w==",
      "dev": true,
      "requires": {
        "domelementtype": "^2.3.0"
      }
    },
    "domutils": {
      "version": "3.2.2",
      "resolved": "https://registry.npmjs.org/domutils/-/domutils-3.2.2.tgz",
      "integrity": "sha512-6kZKyUajlDuqlHKVX1w7gyslj9MPIXzIFiz/rGu35uC1wMi+kMhQwGhl4lt9unC9Vb9INnY9Z3/ZA3+FhASLaw==",
      "dev": true,
      "requires": {
        "dom-serializer": "^2.0.0",
        "domelementtype": "^2.3.0",
        "domhandler": "^5.0.3"
      }
    },
    "entities": {
      "version": "7.0.1",
      "resolved": "https://registry.npmjs.org/entities/-/entities-7.0.1.tgz",
      "integrity": "sha512-TWrgLOFUQTH994YUyl1yT4uyavY5nNB5muff+RtWaqNVCAK408b5ZnnbNAUEWLTCpum9w6arT70i1XdQ4UeOPA==",
      "dev": true
    },
    "fetch-blob": {
      "version": "3.2.0",
      "resolved": "https://registry.npmjs.org/fetch-blob/-/fetch-blob-3.2.0.tgz",
      "integrity": "sha512-7yAQpD2UMJzLi1Dqv7qFYnPbaPx7ZfFK6PiIxQ4PfkGPyNyl2Ugx+a/umUonmKqjhM4DnfbMvdX6otXq83soQQ==",
      "dev": true,
      "requires": {
        "node-domexception": "^1.0.0",
        "web-streams-polyfill": "^3.0.3"
      }
    },
    "formdata-polyfill": {
      "version": "4.0.10",
      "resolved": "https://registry.npmjs.org/formdata-polyfill/-/formdata-polyfill-4.0.10.tgz",
      "integrity": "sha512-buewHzMvYL29jdeQTVILecSaZKnt/RJWjoZCF5OW60Z67/GmSLBkOFM7qh1PI3zFNtJbaZL5eQu1vLfazOwj4g==",
      "dev": true,
      "requires": {
        "fetch-blob": "^3.1.2"
      }
    },
    "fourier-transform": {
      "version": "2.2.0",
      "resolved": "https://registry.npmjs.org/fourier-transform/-/fourier-transform-2.2.0.tgz",
      "integrity": "sha512-IMFCIoZycT+8btxocpqAfVBpLtfLgQ/Y0w8KvX4iPT8C2Y+aAXz49kK4Gvaogfqz0lZiBpwAk2z10Grfyg5Buw=="
    },
    "html-escaper": {
      "version": "3.0.3",
      "resolved": "https://registry.npmjs.org/html-escaper/-/html-escaper-3.0.3.tgz",
      "integrity": "sha512-RuMffC89BOWQoY0WKGpIhn5gX3iI54O6nRA0yC124NYVtzjmFWBIiFd8M0x+ZdX0P9R4lADg1mgP8C7PxGOWuQ==",
      "dev": true
    },
    "htmlparser2": {
      "version": "10.1.0",
      "resolved": "https://registry.npmjs.org/htmlparser2/-/htmlparser2-10.1.0.tgz",
      "integrity": "sha512-VTZkM9GWRAtEpveh7MSF6SjjrpNVNNVJfFup7xTY3UpFtm67foy9HDVXneLtFVt4pMz5kZtgNcvCniNFb1hlEQ==",
      "dev": true,
      "requires": {
        "domelementtype": "^2.3.0",
        "domhandler": "^5.0.3",
        "domutils": "^3.2.2",
        "entities": "^7.0.1"
      }
    },
    "linkedom": {
      "version": "0.18.12",
      "resolved": "https://registry.npmjs.org/linkedom/-/linkedom-0.18.12.tgz",
      "integrity": "sha512-jalJsOwIKuQJSeTvsgzPe9iJzyfVaEJiEXl+25EkKevsULHvMJzpNqwvj1jOESWdmgKDiXObyjOYwlUqG7wo1Q==",
      "dev": true,
      "requires": {
        "css-select": "^5.1.0",
        "cssom": "^0.5.0",
        "html-escaper": "^3.0.3",
        "htmlparser2": "^10.0.0",
        "uhyphen": "^0.2.0"
      }
    },
    "mpg123-decoder": {
      "version": "1.0.3",
      "resolved": "https://registry.npmjs.org/mpg123-decoder/-/mpg123-decoder-1.0.3.tgz",
      "integrity": "sha512-+fjxnWigodWJm3+4pndi+KUg9TBojgn31DPk85zEsim7C6s0X5Ztc/hQYdytXkwuGXH+aB0/aEkG40Emukv6oQ==",
      "requires": {
        "@wasm-audio-decoders/common": "9.0.7"
      }
    },
    "node-domexception": {
      "version": "1.0.0",
      "resolved": "https://registry.npmjs.org/node-domexception/-/node-domexception-1.0.0.tgz",
      "integrity": "sha512-/jKZoMpw0F8GRwl4/eLROPA3cfcXtLApP0QzLmUT/HuPCZWyB7IY9ZrMeKw2O/nFIqPQB3PVM9aYm0F312AXDQ==",
      "dev": true
    },
    "node-fetch": {
      "version": "3.3.2",
      "resolved": "https://registry.npmjs.org/node-fetch/-/node-fetch-3.3.2.tgz",
      "integrity": "sha512-dRB78srN/l6gqWulah9SrxeYnxeddIG30+GOqK/9OlLVyLg3HPnr6SqOWTWOXKRwC2eGYCkZ59NNuSgvSrpgOA==",
      "dev": true,
      "requires": {
        "data-uri-to-buffer": "^4.0.0",
        "fetch-blob": "^3.1.4",
        "formdata-polyfill": "^4.0.10"
      }
    },
    "node-wav": {
      "version": "0.0.2",
      "resolved": "https://registry.npmjs.org/node-wav/-/node-wav-0.0.2.tgz",
      "integrity": "sha512-M6Rm/bbG6De/gKGxOpeOobx/dnGuP0dz40adqx38boqHhlWssBJZgLCPBNtb9NkrmnKYiV04xELq+R6PFOnoLA=="
    },
    "node-web-audio-api": {
      "version": "1.0.8",
      "resolved": "https://registry.npmjs.org/node-web-audio-api/-/node-web-audio-api-1.0.8.tgz",
      "integrity": "sha512-xEQs4ySdyQ28T0zf8FjP96AzkWwE6dObaBsBxqJAbB4kpYMrVfIdAD0HjpY5tdN0pEDfEHyQ3S+0fTEk8SlqrQ==",
      "dev": true,
      "requires": {
        "caller": "^1.1.0",
        "node-fetch": "^3.3.2",
        "webidl-conversions": "^7.0.0"
      }
    },
    "nth-check": {
      "version": "2.1.1",
      "resolved": "https://registry.npmjs.org/nth-check/-/nth-check-2.1.1.tgz",
      "integrity": "sha512-lqjrjmaOoAnWfMmBPL+XNnynZh2+swxiX3WUE0s4yEHI6m+AwrK2UZOimIRl3X/4QctVqS8AiZjFqyOGrMXb/w==",
      "dev": true,
      "requires": {
        "boolbase": "^1.0.0"
      }
    },
    "ogg-opus-decoder": {
      "version": "1.7.3",
      "resolved": "https://registry.npmjs.org/ogg-opus-decoder/-/ogg-opus-decoder-1.7.3.tgz",
      "integrity": "sha512-w47tiZpkLgdkpa+34VzYD8mHUj8I9kfWVZa82mBbNwDvB1byfLXSSzW/HxA4fI3e9kVlICSpXGFwMLV1LPdjwg==",
      "requires": {
        "@wasm-audio-decoders/common": "9.0.7",
        "@wasm-audio-decoders/opus-ml": "0.0.2",
        "codec-parser": "2.5.0",
        "opus-decoder": "0.7.11"
      }
    },
    "opus-decoder": {
      "version": "0.7.11",
      "resolved": "https://registry.npmjs.org/opus-decoder/-/opus-decoder-0.7.11.tgz",
      "integrity": "sha512-+e+Jz3vGQLxRTBHs8YJQPRPc1Tr+/aC6coV/DlZylriA29BdHQAYXhvNRKtjftof17OFng0+P4wsFIqQu3a48A==",
      "requires": {
        "@wasm-audio-decoders/common": "9.0.7"
      }
    },
    "qoa-format": {
      "version": "1.0.1",
      "resolved": "https://registry.npmjs.org/qoa-format/-/qoa-format-1.0.1.tgz",
      "integrity": "sha512-dMB0Z6XQjdpz/Cw4Rf6RiBpQvUSPCfYlQMWvmuWlWkAT7nDQD29cVZ1SwDUB6DYJSitHENwbt90lqfI+7bvMcw==",
      "requires": {
        "@thi.ng/bitstream": "^2.2.12"
      }
    },
    "simple-yenc": {
      "version": "1.0.4",
      "resolved": "https://registry.npmjs.org/simple-yenc/-/simple-yenc-1.0.4.tgz",
      "integrity": "sha512-5gvxpSd79e9a3V4QDYUqnqxeD4HGlhCakVpb6gMnDD7lexJggSBJRBO5h52y/iJrdXRilX9UCuDaIJhSWm5OWw=="
    },
    "tslib": {
      "version": "2.8.1",
      "resolved": "https://registry.npmjs.org/tslib/-/tslib-2.8.1.tgz",
      "integrity": "sha512-oJFu94HQb+KVduSUQL7wnpmqnfmLsOA/nAh6b6EH0wCEoK0/mPeXU6c3wKDV83MkOuHPRHtSXKKU99IBazS/2w=="
    },
    "tst": {
      "version": "9.2.2",
      "resolved": "https://registry.npmjs.org/tst/-/tst-9.2.2.tgz",
      "integrity": "sha512-K7+t03srZbpP5XklbCqdhrvITlDb6yC54vrhblJQSld7YD8ixHU33HxTBxjhLE6KR0+enmXoc1cMokYwebDJ5w==",
      "dev": true
    },
    "uhyphen": {
      "version": "0.2.0",
      "resolved": "https://registry.npmjs.org/uhyphen/-/uhyphen-0.2.0.tgz",
      "integrity": "sha512-qz3o9CHXmJJPGBdqzab7qAYuW8kQGKNEuoHFYrBwV6hWIMcpAmxDLXojcHfFr9US1Pe6zUswEIJIbLI610fuqA==",
      "dev": true
    },
    "web-streams-polyfill": {
      "version": "3.3.3",
      "resolved": "https://registry.npmjs.org/web-streams-polyfill/-/web-streams-polyfill-3.3.3.tgz",
      "integrity": "sha512-d2JWLCivmZYTSIoge9MsgFCZrt571BikcWGYkjC1khllbTeDlGqZ2D8vD8E/lJa8WGWbb7Plm8/XJYV7IJHZZw==",
      "dev": true
    },
    "webidl-conversions": {
      "version": "7.0.0",
      "resolved": "https://registry.npmjs.org/webidl-conversions/-/webidl-conversions-7.0.0.tgz",
      "integrity": "sha512-VwddBukDzu71offAQR975unBIGqfKZpM+8ZX6ySk8nYhVoo5CYaZyzt3YBvYtRtO+aoGlqxPg/B87NGVZ/fu6g==",
      "dev": true
    }
  }
}
